{
  "name": "emojipicker",
  "lockfileVersion": 2,
  "requires": true,
  "packages": {
    "": {
      "dependencies": {
        "emojibase": "^15.3.0",
        "emojibase-data": "^15.3.0"
      }
    },
    "node_modules/emojibase": {
      "version": "15.3.0",
      "resolved": "https://registry.npmjs.org/emojibase/-/emojibase-15.3.0.tgz",
      "integrity": "sha512-lFdQb14hoznwDh1xDoOFzkPdeeexmbuJdhUUjDaJZf/+jK+6Z3HkI5hWOemWfEdaMxtTujc1vNRx9DKtdtiOXA==",
      "funding": {
        "type": "ko-fi",
        "url": "https://ko-fi.com/milesjohnson"
      }
    },
    "node_modules/emojibase-data": {
      "version": "15.3.0",
      "resolved": "https://registry.npmjs.org/emojibase-data/-/emojibase-data-15.3.0.tgz",
      "integrity": "sha512-cYsGq57W8wOd1CqQCjmtP1DpmlTVvJY+Um5UobWUQuTnqb8cO2cuqrxJxSIqxLcYZ3rtialT5kivoWigszdslg==",
      "funding": {
        "type": "ko-fi",
        "url": "https://ko-fi.com/milesjohnson"
      },
      "peerDependencies": {
        "emojibase": "*"
      }
    }
  },
  "dependencies": {
    "emojibase": {
      "version": "15.3.0",
      "resolved": "https://registry.npmjs.org/emojibase/-/emojibase-15.3.0.tgz",
      "integrity": "sha512-lFdQb14hoznwDh1xDoOFzkPdeeexmbuJdhUUjDaJZf/+jK+6Z3HkI5hWOemWfEdaMxtTujc1vNRx9DKtdtiOXA=="
    },
    "emojibase-data": {
      "version": "15.3.0",
      "resolved": "https://registry.npmjs.org/emojibase-data/-/emojibase-data-15.3.0.tgz",
      "integrity": "sha512-cYsGq57W8wOd1CqQCjmtP1DpmlTVvJY+Um5UobWUQuTnqb8cO2cuqrxJxSIqxLcYZ3rtialT5kivoWigszdslg==",
      "requires": {}
    }
  }
}
